
Microsoft Visual Studio Solution File, Format Version 12.00
# Visual Studio Version 17
VisualStudioVersion = 17.10.35027.167
MinimumVisualStudioVersion = 10.0.40219.1
Project("{FAE04EC0-301F-11D3-BF4B-00C04F79EFBC}") = "optellen_dree_getallen", "optellen_dree_getallen.csproj", "{CC2DAB6C-20BC-42F7-ABC6-208E6C60451E}"
EndProject
Global
	GlobalSection(SolutionConfigurationPlatforms) = preSolution
		Debug|Any CPU = Debug|Any CPU
		Release|Any CPU = Release|Any CPU
	EndGlobalSection
	GlobalSection(ProjectConfigurationPlatforms) = postSolution
		{CC2DAB6C-20BC-42F7-ABC6-208E6C60451E}.Debug|Any CPU.ActiveCfg = Debug|Any CPU
		{CC2DAB6C-20BC-42F7-ABC6-208E6C60451E}.Debug|Any CPU.Build.0 = Debug|Any CPU
		{CC2DAB6C-20BC-42F7-ABC6-208E6C60451E}.Release|Any CPU.ActiveCfg = Release|Any CPU
		{CC2DAB6C-20BC-42F7-ABC6-208E6C60451E}.Release|Any CPU.Build.0 = Release|Any CPU
	EndGlobalSection
	GlobalSection(SolutionProperties) = preSolution
		HideSolutionNode = FALSE
	EndGlobalSection
	GlobalSection(ExtensibilityGlobals) = postSolution
		SolutionGuid = {CD462CB2-6146-404E-A636-D8CBAA3192AE}
	EndGlobalSection
EndGlobal
